{
	"name": "styled-shoelaces",
	"version": "0.2.0",
	"lockfileVersion": 1,
	"requires": true,
	"dependencies": {
		"@babel/helper-builder-react-jsx": {
			"version": "7.3.0",
			"resolved": "https://registry.npmjs.org/@babel/helper-builder-react-jsx/-/helper-builder-react-jsx-7.3.0.tgz",
			"integrity": "sha512-MjA9KgwCuPEkQd9ncSXvSyJ5y+j2sICHyrI0M3L+6fnS4wMSNDc1ARXsbTfbb2cXHn17VisSnU/sHFTCxVxSMw==",
			"dev": true,
			"requires": {
				"@babel/types": "^7.3.0",
				"esutils": "^2.0.0"
			}
		},
		"@babel/helper-plugin-utils": {
			"version": "7.0.0",
			"resolved": "https://registry.npmjs.org/@babel/helper-plugin-utils/-/helper-plugin-utils-7.0.0.tgz",
			"integrity": "sha512-CYAOUCARwExnEixLdB6sDm2dIJ/YgEAKDM1MOeMeZu9Ld/bDgVo8aiWrXwcY7OBh+1Ea2uUcVRcxKk0GJvW7QA==",
			"dev": true
		},
		"@babel/plugin-syntax-jsx": {
			"version": "7.2.0",
			"resolved": "https://registry.npmjs.org/@babel/plugin-syntax-jsx/-/plugin-syntax-jsx-7.2.0.tgz",
			"integrity": "sha512-VyN4QANJkRW6lDBmENzRszvZf3/4AXaj9YR7GwrWeeN9tEBPuXbmDYVU9bYBN0D70zCWVwUy0HWq2553VCb6Hw==",
			"dev": true,
			"requires": {
				"@babel/helper-plugin-utils": "^7.0.0"
			}
		},
		"@babel/plugin-transform-react-display-name": {
			"version": "7.2.0",
			"resolved": "https://registry.npmjs.org/@babel/plugin-transform-react-display-name/-/plugin-transform-react-display-name-7.2.0.tgz",
			"integrity": "sha512-Htf/tPa5haZvRMiNSQSFifK12gtr/8vwfr+A9y69uF0QcU77AVu4K7MiHEkTxF7lQoHOL0F9ErqgfNEAKgXj7A==",
			"dev": true,
			"requires": {
				"@babel/helper-plugin-utils": "^7.0.0"
			}
		},
		"@babel/plugin-transform-react-jsx": {
			"version": "7.3.0",
			"resolved": "https://registry.npmjs.org/@babel/plugin-transform-react-jsx/-/plugin-transform-react-jsx-7.3.0.tgz",
			"integrity": "sha512-a/+aRb7R06WcKvQLOu4/TpjKOdvVEKRLWFpKcNuHhiREPgGRB4TQJxq07+EZLS8LFVYpfq1a5lDUnuMdcCpBKg==",
			"dev": true,
			"requires": {
				"@babel/helper-builder-react-jsx": "^7.3.0",
				"@babel/helper-plugin-utils": "^7.0.0",
				"@babel/plugin-syntax-jsx": "^7.2.0"
			}
		},
		"@babel/plugin-transform-react-jsx-self": {
			"version": "7.2.0",
			"resolved": "https://registry.npmjs.org/@babel/plugin-transform-react-jsx-self/-/plugin-transform-react-jsx-self-7.2.0.tgz",
			"integrity": "sha512-v6S5L/myicZEy+jr6ielB0OR8h+EH/1QFx/YJ7c7Ua+7lqsjj/vW6fD5FR9hB/6y7mGbfT4vAURn3xqBxsUcdg==",
			"dev": true,
			"requires": {
				"@babel/helper-plugin-utils": "^7.0.0",
				"@babel/plugin-syntax-jsx": "^7.2.0"
			}
		},
		"@babel/plugin-transform-react-jsx-source": {
			"version": "7.2.0",
			"resolved": "https://registry.npmjs.org/@babel/plugin-transform-react-jsx-source/-/plugin-transform-react-jsx-source-7.2.0.tgz",
			"integrity": "sha512-A32OkKTp4i5U6aE88GwwcuV4HAprUgHcTq0sSafLxjr6AW0QahrCRCjxogkbbcdtpbXkuTOlgpjophCxb6sh5g==",
			"dev": true,
			"requires": {
				"@babel/helper-plugin-utils": "^7.0.0",
				"@babel/plugin-syntax-jsx": "^7.2.0"
			}
		},
		"@babel/preset-react": {
			"version": "7.0.0",
			"resolved": "https://registry.npmjs.org/@babel/preset-react/-/preset-react-7.0.0.tgz",
			"integrity": "sha512-oayxyPS4Zj+hF6Et11BwuBkmpgT/zMxyuZgFrMeZID6Hdh3dGlk4sHCAhdBCpuCKW2ppBfl2uCCetlrUIJRY3w==",
			"dev": true,
			"requires": {
				"@babel/helper-plugin-utils": "^7.0.0",
				"@babel/plugin-transform-react-display-name": "^7.0.0",
				"@babel/plugin-transform-react-jsx": "^7.0.0",
				"@babel/plugin-transform-react-jsx-self": "^7.0.0",
				"@babel/plugin-transform-react-jsx-source": "^7.0.0"
			}
		},
		"@babel/types": {
			"version": "7.3.2",
			"resolved": "https://registry.npmjs.org/@babel/types/-/types-7.3.2.tgz",
			"integrity": "sha512-3Y6H8xlUlpbGR+XvawiH0UXehqydTmNmEpozWcXymqwcrwYAl5KMvKtQ+TF6f6E08V6Jur7v/ykdDSF+WDEIXQ==",
			"dev": true,
			"requires": {
				"esutils": "^2.0.2",
				"lodash": "^4.17.10",
				"to-fast-properties": "^2.0.0"
			}
		},
		"@types/node": {
			"version": "10.12.24",
			"resolved": "https://registry.npmjs.org/@types/node/-/node-10.12.24.tgz",
			"integrity": "sha512-GWWbvt+z9G5otRBW8rssOFgRY87J9N/qbhqfjMZ+gUuL6zoL+Hm6gP/8qQBG4jjimqdaNLCehcVapZ/Fs2WjCQ==",
			"dev": true
		},
		"array.prototype.flat": {
			"version": "1.2.1",
			"resolved": "https://registry.npmjs.org/array.prototype.flat/-/array.prototype.flat-1.2.1.tgz",
			"integrity": "sha512-rVqIs330nLJvfC7JqYvEWwqVr5QjYF1ib02i3YJtR/fICO6527Tjpc/e4Mvmxh3GIePPreRXMdaGyC99YphWEw==",
			"dev": true,
			"requires": {
				"define-properties": "^1.1.2",
				"es-abstract": "^1.10.0",
				"function-bind": "^1.1.1"
			}
		},
		"asap": {
			"version": "2.0.6",
			"resolved": "https://registry.npmjs.org/asap/-/asap-2.0.6.tgz",
			"integrity": "sha1-5QNHYR1+aQlDIIu9r+vLwvuGbUY="
		},
		"atob": {
			"version": "2.1.2",
			"resolved": "https://registry.npmjs.org/atob/-/atob-2.1.2.tgz",
			"integrity": "sha512-Wm6ukoaOGJi/73p/cl2GvLjTI5JM1k/O14isD73YML8StrH/7/lRFgmg8nICZgD3bZZvjwCGxtMOD3wWNAu8cg==",
			"dev": true
		},
		"base64-js": {
			"version": "1.3.0",
			"resolved": "https://registry.npmjs.org/base64-js/-/base64-js-1.3.0.tgz",
			"integrity": "sha512-ccav/yGvoa80BQDljCxsmmQ3Xvx60/UpBIij5QN21W3wBi/hhIC9OoO+KLpu9IJTS9j4DRVJ3aDDF9cMSoa2lw=="
		},
		"boolbase": {
			"version": "1.0.0",
			"resolved": "https://registry.npmjs.org/boolbase/-/boolbase-1.0.0.tgz",
			"integrity": "sha1-aN/1++YMUes3cl6p4+0xDcwed24=",
			"dev": true
		},
		"buffer": {
			"version": "5.2.1",
			"resolved": "https://registry.npmjs.org/buffer/-/buffer-5.2.1.tgz",
			"integrity": "sha512-c+Ko0loDaFfuPWiL02ls9Xd3GO3cPVmUobQ6t3rXNUk304u6hGq+8N/kFi+QEIKhzK3uwolVhLzszmfLmMLnqg==",
			"requires": {
				"base64-js": "^1.0.2",
				"ieee754": "^1.1.4"
			}
		},
		"camelize": {
			"version": "1.0.0",
			"resolved": "https://registry.npmjs.org/camelize/-/camelize-1.0.0.tgz",
			"integrity": "sha1-FkpUg+Yw+kMh5a8HAg5TGDGyYJs="
		},
		"cheerio": {
			"version": "1.0.0-rc.2",
			"resolved": "https://registry.npmjs.org/cheerio/-/cheerio-1.0.0-rc.2.tgz",
			"integrity": "sha1-S59TqBsn5NXawxwP/Qz6A8xoMNs=",
			"dev": true,
			"requires": {
				"css-select": "~1.2.0",
				"dom-serializer": "~0.1.0",
				"entities": "~1.1.1",
				"htmlparser2": "^3.9.1",
				"lodash": "^4.15.0",
				"parse5": "^3.0.1"
			}
		},
		"commander": {
			"version": "2.19.0",
			"resolved": "https://registry.npmjs.org/commander/-/commander-2.19.0.tgz",
			"integrity": "sha512-6tvAOO+D6OENvRAh524Dh9jcfKTYDQAqvqezbCW82xj5X0pSrcpxtvRKHLG0yBY6SD7PSDrJaj+0AiOcKVd1Xg==",
			"dev": true
		},
		"core-js": {
			"version": "1.2.7",
			"resolved": "https://registry.npmjs.org/core-js/-/core-js-1.2.7.tgz",
			"integrity": "sha1-ZSKUwUZR2yj6k70tX/KYOk8IxjY="
		},
		"css": {
			"version": "2.2.4",
			"resolved": "https://registry.npmjs.org/css/-/css-2.2.4.tgz",
			"integrity": "sha512-oUnjmWpy0niI3x/mPL8dVEI1l7MnG3+HHyRPHf+YFSbK+svOhXpmSOcDURUh2aOCgl2grzrOPt1nHLuCVFULLw==",
			"dev": true,
			"requires": {
				"inherits": "^2.0.3",
				"source-map": "^0.6.1",
				"source-map-resolve": "^0.5.2",
				"urix": "^0.1.0"
			}
		},
		"css-color-keywords": {
			"version": "1.0.0",
			"resolved": "https://registry.npmjs.org/css-color-keywords/-/css-color-keywords-1.0.0.tgz",
			"integrity": "sha1-/qJhbcZ2spYmhrOvjb2+GAskTgU="
		},
		"css-select": {
			"version": "1.2.0",
			"resolved": "https://registry.npmjs.org/css-select/-/css-select-1.2.0.tgz",
			"integrity": "sha1-KzoRBTnFNV8c2NMUYj6HCxIeyFg=",
			"dev": true,
			"requires": {
				"boolbase": "~1.0.0",
				"css-what": "2.1",
				"domutils": "1.5.1",
				"nth-check": "~1.0.1"
			}
		},
		"css-to-react-native": {
			"version": "2.3.0",
			"resolved": "https://registry.npmjs.org/css-to-react-native/-/css-to-react-native-2.3.0.tgz",
			"integrity": "sha512-IhR7bNIrCFwbJbKZOAjNDZdwpsbjTN6f1agXeELHDqg1wHPA8c2QLruttKOW7hgMGetkfraRJCIEMrptifBfVw==",
			"requires": {
				"camelize": "^1.0.0",
				"css-color-keywords": "^1.0.0",
				"postcss-value-parser": "^3.3.0"
			}
		},
		"css-what": {
			"version": "2.1.2",
			"resolved": "https://registry.npmjs.org/css-what/-/css-what-2.1.2.tgz",
			"integrity": "sha512-wan8dMWQ0GUeF7DGEPVjhHemVW/vy6xUYmFzRY8RYqgA0JtXC9rJmbScBjqSu6dg9q0lwPQy6ZAmJVr3PPTvqQ==",
			"dev": true
		},
		"decode-uri-component": {
			"version": "0.2.0",
			"resolved": "https://registry.npmjs.org/decode-uri-component/-/decode-uri-component-0.2.0.tgz",
			"integrity": "sha1-6zkTMzRYd1y4TNGh+uBiEGu4dUU=",
			"dev": true
		},
		"define-properties": {
			"version": "1.1.3",
			"resolved": "https://registry.npmjs.org/define-properties/-/define-properties-1.1.3.tgz",
			"integrity": "sha512-3MqfYKj2lLzdMSf8ZIZE/V+Zuy+BgD6f164e8K2w7dgnpKArBDerGYpM46IYYcjnkdPNMjPk9A6VFB8+3SKlXQ==",
			"requires": {
				"object-keys": "^1.0.12"
			}
		},
		"discontinuous-range": {
			"version": "1.0.0",
			"resolved": "https://registry.npmjs.org/discontinuous-range/-/discontinuous-range-1.0.0.tgz",
			"integrity": "sha1-44Mx8IRLukm5qctxx3FYWqsbxlo=",
			"dev": true
		},
		"dom-serializer": {
			"version": "0.1.0",
			"resolved": "https://registry.npmjs.org/dom-serializer/-/dom-serializer-0.1.0.tgz",
			"integrity": "sha1-BzxpdUbOB4DOI75KKOKT5AvDDII=",
			"dev": true,
			"requires": {
				"domelementtype": "~1.1.1",
				"entities": "~1.1.1"
			},
			"dependencies": {
				"domelementtype": {
					"version": "1.1.3",
					"resolved": "https://registry.npmjs.org/domelementtype/-/domelementtype-1.1.3.tgz",
					"integrity": "sha1-vSh3PiZCiBrsUVRJJCmcXNgiGFs=",
					"dev": true
				}
			}
		},
		"domelementtype": {
			"version": "1.3.1",
			"resolved": "https://registry.npmjs.org/domelementtype/-/domelementtype-1.3.1.tgz",
			"integrity": "sha512-BSKB+TSpMpFI/HOxCNr1O8aMOTZ8hT3pM3GQ0w/mWRmkhEDSFJkkyzz4XQsBV44BChwGkrDfMyjVD0eA2aFV3w==",
			"dev": true
		},
		"domhandler": {
			"version": "2.4.2",
			"resolved": "https://registry.npmjs.org/domhandler/-/domhandler-2.4.2.tgz",
			"integrity": "sha512-JiK04h0Ht5u/80fdLMCEmV4zkNh2BcoMFBmZ/91WtYZ8qVXSKjiw7fXMgFPnHcSZgOo3XdinHvmnDUeMf5R4wA==",
			"dev": true,
			"requires": {
				"domelementtype": "1"
			}
		},
		"domutils": {
			"version": "1.5.1",
			"resolved": "https://registry.npmjs.org/domutils/-/domutils-1.5.1.tgz",
			"integrity": "sha1-3NhIiib1Y9YQeeSMn3t+Mjc2gs8=",
			"dev": true,
			"requires": {
				"dom-serializer": "0",
				"domelementtype": "1"
			}
		},
		"encoding": {
			"version": "0.1.12",
			"resolved": "https://registry.npmjs.org/encoding/-/encoding-0.1.12.tgz",
			"integrity": "sha1-U4tm8+5izRq1HsMjgp0flIDHS+s=",
			"requires": {
				"iconv-lite": "~0.4.13"
			}
		},
		"entities": {
			"version": "1.1.2",
			"resolved": "https://registry.npmjs.org/entities/-/entities-1.1.2.tgz",
			"integrity": "sha512-f2LZMYl1Fzu7YSBKg+RoROelpOaNrcGmE9AZubeDfrCEia483oW4MI4VyFd5VNHIgQ/7qm1I0wUHK1eJnn2y2w==",
			"dev": true
		},
		"enzyme": {
			"version": "3.8.0",
			"resolved": "https://registry.npmjs.org/enzyme/-/enzyme-3.8.0.tgz",
			"integrity": "sha512-bfsWo5nHyZm1O1vnIsbwdfhU989jk+squU9NKvB+Puwo5j6/Wg9pN5CO0YJelm98Dao3NPjkDZk+vvgwpMwYxw==",
			"dev": true,
			"requires": {
				"array.prototype.flat": "^1.2.1",
				"cheerio": "^1.0.0-rc.2",
				"function.prototype.name": "^1.1.0",
				"has": "^1.0.3",
				"is-boolean-object": "^1.0.0",
				"is-callable": "^1.1.4",
				"is-number-object": "^1.0.3",
				"is-string": "^1.0.4",
				"is-subset": "^0.1.1",
				"lodash.escape": "^4.0.1",
				"lodash.isequal": "^4.5.0",
				"object-inspect": "^1.6.0",
				"object-is": "^1.0.1",
				"object.assign": "^4.1.0",
				"object.entries": "^1.0.4",
				"object.values": "^1.0.4",
				"raf": "^3.4.0",
				"rst-selector-parser": "^2.2.3",
				"string.prototype.trim": "^1.1.2"
			}
		},
		"enzyme-adapter-react-16": {
			"version": "1.9.1",
			"resolved": "https://registry.npmjs.org/enzyme-adapter-react-16/-/enzyme-adapter-react-16-1.9.1.tgz",
			"integrity": "sha512-Egzogv1y77DUxdnq/CyHxLHaNxmSSKDDSDNNB/EiAXCZVFXdFibaNy2uUuRQ1n24T2m6KH/1Rw16XDRq+1yVEg==",
			"requires": {
				"enzyme-adapter-utils": "^1.10.0",
				"function.prototype.name": "^1.1.0",
				"object.assign": "^4.1.0",
				"object.values": "^1.1.0",
				"prop-types": "^15.6.2",
				"react-is": "^16.7.0",
				"react-test-renderer": "^16.0.0-0"
			}
		},
		"enzyme-adapter-utils": {
			"version": "1.10.0",
			"resolved": "https://registry.npmjs.org/enzyme-adapter-utils/-/enzyme-adapter-utils-1.10.0.tgz",
			"integrity": "sha512-VnIXJDYVTzKGbdW+lgK8MQmYHJquTQZiGzu/AseCZ7eHtOMAj4Rtvk8ZRopodkfPves0EXaHkXBDkVhPa3t0jA==",
			"requires": {
				"function.prototype.name": "^1.1.0",
				"object.assign": "^4.1.0",
				"object.fromentries": "^2.0.0",
				"prop-types": "^15.6.2",
				"semver": "^5.6.0"
			}
		},
		"enzyme-to-json": {
			"version": "3.3.5",
			"resolved": "https://registry.npmjs.org/enzyme-to-json/-/enzyme-to-json-3.3.5.tgz",
			"integrity": "sha512-DmH1wJ68HyPqKSYXdQqB33ZotwfUhwQZW3IGXaNXgR69Iodaoj8TF/D9RjLdz4pEhGq2Tx2zwNUIjBuqoZeTgA==",
			"dev": true,
			"requires": {
				"lodash": "^4.17.4"
			}
		},
		"es-abstract": {
			"version": "1.13.0",
			"resolved": "https://registry.npmjs.org/es-abstract/-/es-abstract-1.13.0.tgz",
			"integrity": "sha512-vDZfg/ykNxQVwup/8E1BZhVzFfBxs9NqMzGcvIJrqg5k2/5Za2bWo40dK2J1pgLngZ7c+Shh8lwYtLGyrwPutg==",
			"requires": {
				"es-to-primitive": "^1.2.0",
				"function-bind": "^1.1.1",
				"has": "^1.0.3",
				"is-callable": "^1.1.4",
				"is-regex": "^1.0.4",
				"object-keys": "^1.0.12"
			}
		},
		"es-to-primitive": {
			"version": "1.2.0",
			"resolved": "https://registry.npmjs.org/es-to-primitive/-/es-to-primitive-1.2.0.tgz",
			"integrity": "sha512-qZryBOJjV//LaxLTV6UC//WewneB3LcXOL9NP++ozKVXsIIIpm/2c13UDiD9Jp2eThsecw9m3jPqDwTyobcdbg==",
			"requires": {
				"is-callable": "^1.1.4",
				"is-date-object": "^1.0.1",
				"is-symbol": "^1.0.2"
			}
		},
		"esutils": {
			"version": "2.0.2",
			"resolved": "https://registry.npmjs.org/esutils/-/esutils-2.0.2.tgz",
			"integrity": "sha1-Cr9PHKpbyx96nYrMbepPqqBLrJs=",
			"dev": true
		},
		"fbjs": {
			"version": "0.8.17",
			"resolved": "https://registry.npmjs.org/fbjs/-/fbjs-0.8.17.tgz",
			"integrity": "sha1-xNWY6taUkRJlPWWIsBpc3Nn5D90=",
			"requires": {
				"core-js": "^1.0.0",
				"isomorphic-fetch": "^2.1.1",
				"loose-envify": "^1.0.0",
				"object-assign": "^4.1.0",
				"promise": "^7.1.1",
				"setimmediate": "^1.0.5",
				"ua-parser-js": "^0.7.18"
			}
		},
		"function-bind": {
			"version": "1.1.1",
			"resolved": "https://registry.npmjs.org/function-bind/-/function-bind-1.1.1.tgz",
			"integrity": "sha512-yIovAzMX49sF8Yl58fSCWJ5svSLuaibPxXQJFLmBObTuCr0Mf1KiPopGM9NiFjiYBCbfaa2Fh6breQ6ANVTI0A=="
		},
		"function.prototype.name": {
			"version": "1.1.0",
			"resolved": "https://registry.npmjs.org/function.prototype.name/-/function.prototype.name-1.1.0.tgz",
			"integrity": "sha512-Bs0VRrTz4ghD8pTmbJQD1mZ8A/mN0ur/jGz+A6FBxPDUPkm1tNfF6bhTYPA7i7aF4lZJVr+OXTNNrnnIl58Wfg==",
			"requires": {
				"define-properties": "^1.1.2",
				"function-bind": "^1.1.1",
				"is-callable": "^1.1.3"
			}
		},
		"has": {
			"version": "1.0.3",
			"resolved": "https://registry.npmjs.org/has/-/has-1.0.3.tgz",
			"integrity": "sha512-f2dvO0VU6Oej7RkWJGrehjbzMAjFp5/VKPp5tTpWIV4JHHZK1/BxbFRtf/siA2SWTe09caDmVtYYzWEIbBS4zw==",
			"requires": {
				"function-bind": "^1.1.1"
			}
		},
		"has-flag": {
			"version": "1.0.0",
			"resolved": "https://registry.npmjs.org/has-flag/-/has-flag-1.0.0.tgz",
			"integrity": "sha1-nZ55MWXOAXoA8AQYxD+UKnsdEfo="
		},
		"has-symbols": {
			"version": "1.0.0",
			"resolved": "https://registry.npmjs.org/has-symbols/-/has-symbols-1.0.0.tgz",
			"integrity": "sha1-uhqPGvKg/DllD1yFA2dwQSIGO0Q="
		},
		"hoist-non-react-statics": {
			"version": "1.2.0",
			"resolved": "https://registry.npmjs.org/hoist-non-react-statics/-/hoist-non-react-statics-1.2.0.tgz",
			"integrity": "sha1-qkSM8JhtVcxAdzsXF0t90GbLfPs="
		},
		"htmlparser2": {
			"version": "3.10.0",
			"resolved": "https://registry.npmjs.org/htmlparser2/-/htmlparser2-3.10.0.tgz",
			"integrity": "sha512-J1nEUGv+MkXS0weHNWVKJJ+UrLfePxRWpN3C9bEi9fLxL2+ggW94DQvgYVXsaT30PGwYRIZKNZXuyMhp3Di4bQ==",
			"dev": true,
			"requires": {
				"domelementtype": "^1.3.0",
				"domhandler": "^2.3.0",
				"domutils": "^1.5.1",
				"entities": "^1.1.1",
				"inherits": "^2.0.1",
				"readable-stream": "^3.0.6"
			}
		},
		"iconv-lite": {
			"version": "0.4.24",
			"resolved": "https://registry.npmjs.org/iconv-lite/-/iconv-lite-0.4.24.tgz",
			"integrity": "sha512-v3MXnZAcvnywkTUEZomIActle7RXXeedOR31wwl7VlyoXO4Qi9arvSenNQWne1TcRwhCL1HwLI21bEqdpj8/rA==",
			"requires": {
				"safer-buffer": ">= 2.1.2 < 3"
			}
		},
		"ieee754": {
			"version": "1.1.12",
			"resolved": "https://registry.npmjs.org/ieee754/-/ieee754-1.1.12.tgz",
			"integrity": "sha512-GguP+DRY+pJ3soyIiGPTvdiVXjZ+DbXOxGpXn3eMvNW4x4irjqXm4wHKscC+TfxSJ0yw/S1F24tqdMNsMZTiLA=="
		},
		"inherits": {
			"version": "2.0.3",
			"resolved": "https://registry.npmjs.org/inherits/-/inherits-2.0.3.tgz",
			"integrity": "sha1-Yzwsg+PaQqUC9SRmAiSA9CCCYd4=",
			"dev": true
		},
		"is-boolean-object": {
			"version": "1.0.0",
			"resolved": "https://registry.npmjs.org/is-boolean-object/-/is-boolean-object-1.0.0.tgz",
			"integrity": "sha1-mPiygDBoQhmpXzdc+9iM40Bd/5M=",
			"dev": true
		},
		"is-callable": {
			"version": "1.1.4",
			"resolved": "https://registry.npmjs.org/is-callable/-/is-callable-1.1.4.tgz",
			"integrity": "sha512-r5p9sxJjYnArLjObpjA4xu5EKI3CuKHkJXMhT7kwbpUyIFD1n5PMAsoPvWnvtZiNz7LjkYDRZhd7FlI0eMijEA=="
		},
		"is-date-object": {
			"version": "1.0.1",
			"resolved": "https://registry.npmjs.org/is-date-object/-/is-date-object-1.0.1.tgz",
			"integrity": "sha1-mqIOtq7rv/d/vTPnTKAbM1gdOhY="
		},
		"is-number-object": {
			"version": "1.0.3",
			"resolved": "https://registry.npmjs.org/is-number-object/-/is-number-object-1.0.3.tgz",
			"integrity": "sha1-8mWrian0RQNO9q/xWo8AsA9VF5k=",
			"dev": true
		},
		"is-plain-object": {
			"version": "2.0.4",
			"resolved": "https://registry.npmjs.org/is-plain-object/-/is-plain-object-2.0.4.tgz",
			"integrity": "sha512-h5PpgXkWitc38BBMYawTYMWJHFZJVnBquFE57xFpjB8pJFiF6gZ+bU+WyI/yqXiFR5mdLsgYNaPe8uao6Uv9Og==",
			"requires": {
				"isobject": "^3.0.1"
			}
		},
		"is-regex": {
			"version": "1.0.4",
			"resolved": "https://registry.npmjs.org/is-regex/-/is-regex-1.0.4.tgz",
			"integrity": "sha1-VRdIm1RwkbCTDglWVM7SXul+lJE=",
			"requires": {
				"has": "^1.0.1"
			}
		},
		"is-stream": {
			"version": "1.1.0",
			"resolved": "https://registry.npmjs.org/is-stream/-/is-stream-1.1.0.tgz",
			"integrity": "sha1-EtSj3U5o4Lec6428hBc66A2RykQ="
		},
		"is-string": {
			"version": "1.0.4",
			"resolved": "https://registry.npmjs.org/is-string/-/is-string-1.0.4.tgz",
			"integrity": "sha1-zDqbaYV9Yh6WNyWiTK7shzuCbmQ=",
			"dev": true
		},
		"is-subset": {
			"version": "0.1.1",
			"resolved": "https://registry.npmjs.org/is-subset/-/is-subset-0.1.1.tgz",
			"integrity": "sha1-ilkRfZMt4d4A8kX83TnOQ/HpOaY=",
			"dev": true
		},
		"is-symbol": {
			"version": "1.0.2",
			"resolved": "https://registry.npmjs.org/is-symbol/-/is-symbol-1.0.2.tgz",
			"integrity": "sha512-HS8bZ9ox60yCJLH9snBpIwv9pYUAkcuLhSA1oero1UB5y9aiQpRA8y2ex945AOtCZL1lJDeIk3G5LthswI46Lw==",
			"requires": {
				"has-symbols": "^1.0.0"
			}
		},
		"isobject": {
			"version": "3.0.1",
			"resolved": "https://registry.npmjs.org/isobject/-/isobject-3.0.1.tgz",
			"integrity": "sha1-TkMekrEalzFjaqH5yNHMvP2reN8="
		},
		"isomorphic-fetch": {
			"version": "2.2.1",
			"resolved": "https://registry.npmjs.org/isomorphic-fetch/-/isomorphic-fetch-2.2.1.tgz",
			"integrity": "sha1-YRrhrPFPXoH3KVB0coGf6XM1WKk=",
			"requires": {
				"node-fetch": "^1.0.1",
				"whatwg-fetch": ">=0.10.0"
			}
		},
		"jest-styled-components": {
			"version": "6.3.1",
			"resolved": "https://registry.npmjs.org/jest-styled-components/-/jest-styled-components-6.3.1.tgz",
			"integrity": "sha512-zie3ajvJbwlbHCAq8/Bv5jdbcYCz0ZMRNNX6adL7wSRpkCVPQtiJigv1140JN1ZOJIODPn8VKrjeFCN+jlPa7w==",
			"dev": true,
			"requires": {
				"css": "^2.2.4"
			}
		},
		"js-tokens": {
			"version": "4.0.0",
			"resolved": "https://registry.npmjs.org/js-tokens/-/js-tokens-4.0.0.tgz",
			"integrity": "sha512-RdJUflcE3cUzKiMqQgsCu06FPu9UdIJO0beYbPhHN4k6apgJtifcoCtT9bcxOpYBtpD2kCM6Sbzg4CausW/PKQ=="
		},
		"lodash": {
			"version": "4.17.11",
			"resolved": "https://registry.npmjs.org/lodash/-/lodash-4.17.11.tgz",
			"integrity": "sha512-cQKh8igo5QUhZ7lg38DYWAxMvjSAKG0A8wGSVimP07SIUEK2UO+arSRKbRZWtelMtN5V0Hkwh5ryOto/SshYIg==",
			"dev": true
		},
		"lodash.escape": {
			"version": "4.0.1",
			"resolved": "https://registry.npmjs.org/lodash.escape/-/lodash.escape-4.0.1.tgz",
			"integrity": "sha1-yQRGkMIeBClL6qUXcS/e0fqI3pg=",
			"dev": true
		},
		"lodash.flattendeep": {
			"version": "4.4.0",
			"resolved": "https://registry.npmjs.org/lodash.flattendeep/-/lodash.flattendeep-4.4.0.tgz",
			"integrity": "sha1-+wMJF/hqMTTlvJvsDWngAT3f7bI=",
			"dev": true
		},
		"lodash.isequal": {
			"version": "4.5.0",
			"resolved": "https://registry.npmjs.org/lodash.isequal/-/lodash.isequal-4.5.0.tgz",
			"integrity": "sha1-QVxEePK8wwEgwizhDtMib30+GOA=",
			"dev": true
		},
		"loose-envify": {
			"version": "1.4.0",
			"resolved": "https://registry.npmjs.org/loose-envify/-/loose-envify-1.4.0.tgz",
			"integrity": "sha512-lyuxPGr/Wfhrlem2CL/UcnUc1zcqKAImBDzukY7Y5F/yQiNdko6+fRLevlw1HgMySw7f611UIY408EtxRSoK3Q==",
			"requires": {
				"js-tokens": "^3.0.0 || ^4.0.0"
			}
		},
		"moo": {
			"version": "0.4.3",
			"resolved": "https://registry.npmjs.org/moo/-/moo-0.4.3.tgz",
			"integrity": "sha512-gFD2xGCl8YFgGHsqJ9NKRVdwlioeW3mI1iqfLNYQOv0+6JRwG58Zk9DIGQgyIaffSYaO1xsKnMaYzzNr1KyIAw==",
			"dev": true
		},
		"nearley": {
			"version": "2.16.0",
			"resolved": "https://registry.npmjs.org/nearley/-/nearley-2.16.0.tgz",
			"integrity": "sha512-Tr9XD3Vt/EujXbZBv6UAHYoLUSMQAxSsTnm9K3koXzjzNWY195NqALeyrzLZBKzAkL3gl92BcSogqrHjD8QuUg==",
			"dev": true,
			"requires": {
				"commander": "^2.19.0",
				"moo": "^0.4.3",
				"railroad-diagrams": "^1.0.0",
				"randexp": "0.4.6",
				"semver": "^5.4.1"
			}
		},
		"node-fetch": {
			"version": "1.7.3",
			"resolved": "https://registry.npmjs.org/node-fetch/-/node-fetch-1.7.3.tgz",
			"integrity": "sha512-NhZ4CsKx7cYm2vSrBAr2PvFOe6sWDf0UYLRqA6svUYg7+/TSfVAu49jYC4BvQ4Sms9SZgdqGBgroqfDhJdTyKQ==",
			"requires": {
				"encoding": "^0.1.11",
				"is-stream": "^1.0.1"
			}
		},
		"nth-check": {
			"version": "1.0.2",
			"resolved": "https://registry.npmjs.org/nth-check/-/nth-check-1.0.2.tgz",
			"integrity": "sha512-WeBOdju8SnzPN5vTUJYxYUxLeXpCaVP5i5e0LF8fg7WORF2Wd7wFX/pk0tYZk7s8T+J7VLy0Da6J1+wCT0AtHg==",
			"dev": true,
			"requires": {
				"boolbase": "~1.0.0"
			}
		},
		"object-assign": {
			"version": "4.1.1",
			"resolved": "https://registry.npmjs.org/object-assign/-/object-assign-4.1.1.tgz",
			"integrity": "sha1-IQmtx5ZYh8/AXLvUQsrIv7s2CGM="
		},
		"object-inspect": {
			"version": "1.6.0",
			"resolved": "https://registry.npmjs.org/object-inspect/-/object-inspect-1.6.0.tgz",
			"integrity": "sha512-GJzfBZ6DgDAmnuaM3104jR4s1Myxr3Y3zfIyN4z3UdqN69oSRacNK8UhnobDdC+7J2AHCjGwxQubNJfE70SXXQ==",
			"dev": true
		},
		"object-is": {
			"version": "1.0.1",
			"resolved": "https://registry.npmjs.org/object-is/-/object-is-1.0.1.tgz",
			"integrity": "sha1-CqYOyZiaCz7Xlc9NBvYs8a1lObY=",
			"dev": true
		},
		"object-keys": {
			"version": "1.0.12",
			"resolved": "https://registry.npmjs.org/object-keys/-/object-keys-1.0.12.tgz",
			"integrity": "sha512-FTMyFUm2wBcGHnH2eXmz7tC6IwlqQZ6mVZ+6dm6vZ4IQIHjs6FdNsQBuKGPuUUUY6NfJw2PshC08Tn6LzLDOag=="
		},
		"object.assign": {
			"version": "4.1.0",
			"resolved": "https://registry.npmjs.org/object.assign/-/object.assign-4.1.0.tgz",
			"integrity": "sha512-exHJeq6kBKj58mqGyTQ9DFvrZC/eR6OwxzoM9YRoGBqrXYonaFyGiFMuc9VZrXf7DarreEwMpurG3dd+CNyW5w==",
			"requires": {
				"define-properties": "^1.1.2",
				"function-bind": "^1.1.1",
				"has-symbols": "^1.0.0",
				"object-keys": "^1.0.11"
			}
		},
		"object.entries": {
			"version": "1.1.0",
			"resolved": "https://registry.npmjs.org/object.entries/-/object.entries-1.1.0.tgz",
			"integrity": "sha512-l+H6EQ8qzGRxbkHOd5I/aHRhHDKoQXQ8g0BYt4uSweQU1/J6dZUOyWh9a2Vky35YCKjzmgxOzta2hH6kf9HuXA==",
			"dev": true,
			"requires": {
				"define-properties": "^1.1.3",
				"es-abstract": "^1.12.0",
				"function-bind": "^1.1.1",
				"has": "^1.0.3"
			}
		},
		"object.fromentries": {
			"version": "2.0.0",
			"resolved": "https://registry.npmjs.org/object.fromentries/-/object.fromentries-2.0.0.tgz",
			"integrity": "sha512-9iLiI6H083uiqUuvzyY6qrlmc/Gz8hLQFOcb/Ri/0xXFkSNS3ctV+CbE6yM2+AnkYfOB3dGjdzC0wrMLIhQICA==",
			"requires": {
				"define-properties": "^1.1.2",
				"es-abstract": "^1.11.0",
				"function-bind": "^1.1.1",
				"has": "^1.0.1"
			}
		},
		"object.values": {
			"version": "1.1.0",
			"resolved": "https://registry.npmjs.org/object.values/-/object.values-1.1.0.tgz",
			"integrity": "sha512-8mf0nKLAoFX6VlNVdhGj31SVYpaNFtUnuoOXWyFEstsWRgU837AK+JYM0iAxwkSzGRbwn8cbFmgbyxj1j4VbXg==",
			"requires": {
				"define-properties": "^1.1.3",
				"es-abstract": "^1.12.0",
				"function-bind": "^1.1.1",
				"has": "^1.0.3"
			}
		},
		"parse5": {
			"version": "3.0.3",
			"resolved": "https://registry.npmjs.org/parse5/-/parse5-3.0.3.tgz",
			"integrity": "sha512-rgO9Zg5LLLkfJF9E6CCmXlSE4UVceloys8JrFqCcHloC3usd/kJCyPDwH2SOlzix2j3xaP9sUX3e8+kvkuleAA==",
			"dev": true,
			"requires": {
				"@types/node": "*"
			}
		},
		"performance-now": {
			"version": "2.1.0",
			"resolved": "https://registry.npmjs.org/performance-now/-/performance-now-2.1.0.tgz",
			"integrity": "sha1-Ywn04OX6kT7BxpMHrjZLSzd8nns=",
			"dev": true
		},
		"postcss-value-parser": {
			"version": "3.3.1",
			"resolved": "https://registry.npmjs.org/postcss-value-parser/-/postcss-value-parser-3.3.1.tgz",
			"integrity": "sha512-pISE66AbVkp4fDQ7VHBwRNXzAAKJjw4Vw7nWI/+Q3vuly7SNfgYXvm6i5IgFylHGK5sP/xHAbB7N49OS4gWNyQ=="
		},
		"promise": {
			"version": "7.3.1",
			"resolved": "https://registry.npmjs.org/promise/-/promise-7.3.1.tgz",
			"integrity": "sha512-nolQXZ/4L+bP/UGlkfaIujX9BKxGwmQ9OT4mOt5yvy8iK1h3wqTEJCijzGANTCCl9nWjY41juyAn2K3Q1hLLTg==",
			"requires": {
				"asap": "~2.0.3"
			}
		},
		"prop-types": {
			"version": "15.6.2",
			"resolved": "https://registry.npmjs.org/prop-types/-/prop-types-15.6.2.tgz",
			"integrity": "sha512-3pboPvLiWD7dkI3qf3KbUe6hKFKa52w+AE0VCqECtf+QHAKgOL37tTaNCnuX1nAAQ4ZhyP+kYVKf8rLmJ/feDQ==",
			"requires": {
				"loose-envify": "^1.3.1",
				"object-assign": "^4.1.1"
			}
		},
		"raf": {
			"version": "3.4.1",
			"resolved": "https://registry.npmjs.org/raf/-/raf-3.4.1.tgz",
			"integrity": "sha512-Sq4CW4QhwOHE8ucn6J34MqtZCeWFP2aQSmrlroYgqAV1PjStIhJXxYuTgUIfkEk7zTLjmIjLmU5q+fbD1NnOJA==",
			"dev": true,
			"requires": {
				"performance-now": "^2.1.0"
			}
		},
		"railroad-diagrams": {
			"version": "1.0.0",
			"resolved": "https://registry.npmjs.org/railroad-diagrams/-/railroad-diagrams-1.0.0.tgz",
			"integrity": "sha1-635iZ1SN3t+4mcG5Dlc3RVnN234=",
			"dev": true
		},
		"randexp": {
			"version": "0.4.6",
			"resolved": "https://registry.npmjs.org/randexp/-/randexp-0.4.6.tgz",
			"integrity": "sha512-80WNmd9DA0tmZrw9qQa62GPPWfuXJknrmVmLcxvq4uZBdYqb1wYoKTmnlGUchvVWe0XiLupYkBoXVOxz3C8DYQ==",
			"dev": true,
			"requires": {
				"discontinuous-range": "1.0.0",
				"ret": "~0.1.10"
			}
		},
		"react": {
			"version": "16.8.1",
			"resolved": "https://registry.npmjs.org/react/-/react-16.8.1.tgz",
			"integrity": "sha512-wLw5CFGPdo7p/AgteFz7GblI2JPOos0+biSoxf1FPsGxWQZdN/pj6oToJs1crn61DL3Ln7mN86uZ4j74p31ELQ==",
			"requires": {
				"loose-envify": "^1.1.0",
				"object-assign": "^4.1.1",
				"prop-types": "^15.6.2",
				"scheduler": "^0.13.1"
			}
		},
		"react-dom": {
			"version": "16.8.1",
			"resolved": "https://registry.npmjs.org/react-dom/-/react-dom-16.8.1.tgz",
			"integrity": "sha512-N74IZUrPt6UiDjXaO7UbDDFXeUXnVhZzeRLy/6iqqN1ipfjrhR60Bp5NuBK+rv3GMdqdIuwIl22u1SYwf330bg==",
			"requires": {
				"loose-envify": "^1.1.0",
				"object-assign": "^4.1.1",
				"prop-types": "^15.6.2",
				"scheduler": "^0.13.1"
			}
		},
		"react-is": {
			"version": "16.8.1",
			"resolved": "https://registry.npmjs.org/react-is/-/react-is-16.8.1.tgz",
			"integrity": "sha512-ioMCzVDWvCvKD8eeT+iukyWrBGrA3DiFYkXfBsVYIRdaREZuBjENG+KjrikavCLasozqRWTwFUagU/O4vPpRMA=="
		},
		"react-test-renderer": {
			"version": "16.8.1",
			"resolved": "https://registry.npmjs.org/react-test-renderer/-/react-test-renderer-16.8.1.tgz",
			"integrity": "sha512-Bd21TN3+YVl6GZwav6O0T6m5UwGfOj+2+xZH5VH93ToD6M5uclN/c+R1DGX49ueG413KZPUx7Kw3sOYz2aJgfg==",
			"requires": {
				"object-assign": "^4.1.1",
				"prop-types": "^15.6.2",
				"react-is": "^16.8.1",
				"scheduler": "^0.13.1"
			}
		},
		"readable-stream": {
			"version": "3.1.1",
			"resolved": "https://registry.npmjs.org/readable-stream/-/readable-stream-3.1.1.tgz",
			"integrity": "sha512-DkN66hPyqDhnIQ6Jcsvx9bFjhw214O4poMBcIMgPVpQvNy9a0e0Uhg5SqySyDKAmUlwt8LonTBz1ezOnM8pUdA==",
			"dev": true,
			"requires": {
				"inherits": "^2.0.3",
				"string_decoder": "^1.1.1",
				"util-deprecate": "^1.0.1"
			}
		},
		"resolve-url": {
			"version": "0.2.1",
			"resolved": "https://registry.npmjs.org/resolve-url/-/resolve-url-0.2.1.tgz",
			"integrity": "sha1-LGN/53yJOv0qZj/iGqkIAGjiBSo=",
			"dev": true
		},
		"ret": {
			"version": "0.1.15",
			"resolved": "https://registry.npmjs.org/ret/-/ret-0.1.15.tgz",
			"integrity": "sha512-TTlYpa+OL+vMMNG24xSlQGEJ3B/RzEfUlLct7b5G/ytav+wPrplCpVMFuwzXbkecJrb6IYo1iFb0S9v37754mg==",
			"dev": true
		},
		"rst-selector-parser": {
			"version": "2.2.3",
			"resolved": "https://registry.npmjs.org/rst-selector-parser/-/rst-selector-parser-2.2.3.tgz",
			"integrity": "sha1-gbIw6i/MYGbInjRy3nlChdmwPZE=",
			"dev": true,
			"requires": {
				"lodash.flattendeep": "^4.4.0",
				"nearley": "^2.7.10"
			}
		},
		"safe-buffer": {
			"version": "5.1.2",
			"resolved": "https://registry.npmjs.org/safe-buffer/-/safe-buffer-5.1.2.tgz",
			"integrity": "sha512-Gd2UZBJDkXlY7GbJxfsE8/nvKkUEU1G38c1siN6QP6a9PT9MmHB8GnpscSmMJSoF8LOIrt8ud/wPtojys4G6+g==",
			"dev": true
		},
		"safer-buffer": {
			"version": "2.1.2",
			"resolved": "https://registry.npmjs.org/safer-buffer/-/safer-buffer-2.1.2.tgz",
			"integrity": "sha512-YZo3K82SD7Riyi0E1EQPojLz7kpepnSQI9IyPbHHg1XXXevb5dJI7tpyN2ADxGcQbHG7vcyRHk0cbwqcQriUtg=="
		},
		"scheduler": {
			"version": "0.13.1",
			"resolved": "https://registry.npmjs.org/scheduler/-/scheduler-0.13.1.tgz",
			"integrity": "sha512-VJKOkiKIN2/6NOoexuypwSrybx13MY7NSy9RNt8wPvZDMRT1CW6qlpF5jXRToXNHz3uWzbm2elNpZfXfGPqP9A==",
			"requires": {
				"loose-envify": "^1.1.0",
				"object-assign": "^4.1.1"
			}
		},
		"semver": {
			"version": "5.6.0",
			"resolved": "https://registry.npmjs.org/semver/-/semver-5.6.0.tgz",
			"integrity": "sha512-RS9R6R35NYgQn++fkDWaOmqGoj4Ek9gGs+DPxNUZKuwE183xjJroKvyo1IzVFeXvUrvmALy6FWD5xrdJT25gMg=="
		},
		"setimmediate": {
			"version": "1.0.5",
			"resolved": "https://registry.npmjs.org/setimmediate/-/setimmediate-1.0.5.tgz",
			"integrity": "sha1-KQy7Iy4waULX1+qbg3Mqt4VvgoU="
		},
		"shoelaces": {
			"version": "0.1.0",
			"resolved": "https://registry.npmjs.org/shoelaces/-/shoelaces-0.1.0.tgz",
			"integrity": "sha512-VAx1D/WbbwP7xMuArQxfRNM4YDBqA7fdqpWLplPn4Bb7kGEfqHgFgiuzH0YykMUN/lQcOINH+SU20ez+mTICig=="
		},
		"source-map": {
			"version": "0.6.1",
			"resolved": "https://registry.npmjs.org/source-map/-/source-map-0.6.1.tgz",
			"integrity": "sha512-UjgapumWlbMhkBgzT7Ykc5YXUT46F0iKu8SGXq0bcwP5dz/h0Plj6enJqjz1Zbq2l5WaqYnrVbwWOWMyF3F47g==",
			"dev": true
		},
		"source-map-resolve": {
			"version": "0.5.2",
			"resolved": "https://registry.npmjs.org/source-map-resolve/-/source-map-resolve-0.5.2.tgz",
			"integrity": "sha512-MjqsvNwyz1s0k81Goz/9vRBe9SZdB09Bdw+/zYyO+3CuPk6fouTaxscHkgtE8jKvf01kVfl8riHzERQ/kefaSA==",
			"dev": true,
			"requires": {
				"atob": "^2.1.1",
				"decode-uri-component": "^0.2.0",
				"resolve-url": "^0.2.1",
				"source-map-url": "^0.4.0",
				"urix": "^0.1.0"
			}
		},
		"source-map-url": {
			"version": "0.4.0",
			"resolved": "https://registry.npmjs.org/source-map-url/-/source-map-url-0.4.0.tgz",
			"integrity": "sha1-PpNdfd1zYxuXZZlW1VEo6HtQhKM=",
			"dev": true
		},
		"string.prototype.trim": {
			"version": "1.1.2",
			"resolved": "https://registry.npmjs.org/string.prototype.trim/-/string.prototype.trim-1.1.2.tgz",
			"integrity": "sha1-0E3iyJ4Tf019IG8Ia17S+ua+jOo=",
			"dev": true,
			"requires": {
				"define-properties": "^1.1.2",
				"es-abstract": "^1.5.0",
				"function-bind": "^1.0.2"
			}
		},
		"string_decoder": {
			"version": "1.2.0",
			"resolved": "https://registry.npmjs.org/string_decoder/-/string_decoder-1.2.0.tgz",
			"integrity": "sha512-6YqyX6ZWEYguAxgZzHGL7SsCeGx3V2TtOTqZz1xSTSWnqsbWwbptafNyvf/ACquZUXV3DANr5BDIwNYe1mN42w==",
			"dev": true,
			"requires": {
				"safe-buffer": "~5.1.0"
			}
		},
		"styled-components": {
			"version": "2.4.1",
			"resolved": "https://registry.npmjs.org/styled-components/-/styled-components-2.4.1.tgz",
			"integrity": "sha1-ZjvQSF1LarRvlGIQ3APSOY0a3nQ=",
			"requires": {
				"buffer": "^5.0.3",
				"css-to-react-native": "^2.0.3",
				"fbjs": "^0.8.9",
				"hoist-non-react-statics": "^1.2.0",
				"is-plain-object": "^2.0.1",
				"prop-types": "^15.5.4",
				"stylis": "^3.4.0",
				"supports-color": "^3.2.3"
			}
		},
		"stylis": {
			"version": "3.5.4",
			"resolved": "https://registry.npmjs.org/stylis/-/stylis-3.5.4.tgz",
			"integrity": "sha512-8/3pSmthWM7lsPBKv7NXkzn2Uc9W7NotcwGNpJaa3k7WMM1XDCA4MgT5k/8BIexd5ydZdboXtU90XH9Ec4Bv/Q=="
		},
		"supports-color": {
			"version": "3.2.3",
			"resolved": "https://registry.npmjs.org/supports-color/-/supports-color-3.2.3.tgz",
			"integrity": "sha1-ZawFBLOVQXHYpklGsq48u4pfVPY=",
			"requires": {
				"has-flag": "^1.0.0"
			}
		},
		"to-fast-properties": {
			"version": "2.0.0",
			"resolved": "https://registry.npmjs.org/to-fast-properties/-/to-fast-properties-2.0.0.tgz",
			"integrity": "sha1-3F5pjL0HkmW8c+A3doGk5Og/YW4=",
			"dev": true
		},
		"ua-parser-js": {
			"version": "0.7.19",
			"resolved": "https://registry.npmjs.org/ua-parser-js/-/ua-parser-js-0.7.19.tgz",
			"integrity": "sha512-T3PVJ6uz8i0HzPxOF9SWzWAlfN/DavlpQqepn22xgve/5QecC+XMCAtmUNnY7C9StehaV6exjUCI801lOI7QlQ=="
		},
		"urix": {
			"version": "0.1.0",
			"resolved": "https://registry.npmjs.org/urix/-/urix-0.1.0.tgz",
			"integrity": "sha1-2pN/emLiH+wf0Y1Js1wpNQZ6bHI=",
			"dev": true
		},
		"util-deprecate": {
			"version": "1.0.2",
			"resolved": "https://registry.npmjs.org/util-deprecate/-/util-deprecate-1.0.2.tgz",
			"integrity": "sha1-RQ1Nyfpw3nMnYvvS1KKJgUGaDM8=",
			"dev": true
		},
		"whatwg-fetch": {
			"version": "3.0.0",
			"resolved": "https://registry.npmjs.org/whatwg-fetch/-/whatwg-fetch-3.0.0.tgz",
			"integrity": "sha512-9GSJUgz1D4MfyKU7KRqwOjXCXTqWdFNvEr7eUBYchQiVc744mqK/MzXPNR2WsPkmkOa4ywfg8C2n8h+13Bey1Q=="
		}
	}
}
